
Microsoft Visual Studio Solution File, Format Version 12.00
# Visual Studio Version 16
VisualStudioVersion = 16.0.30611.23
MinimumVisualStudioVersion = 10.0.40219.1
Project("{FAE04EC0-301F-11D3-BF4B-00C04F79EFBC}") = "CheckoutKata", "CheckoutKata\CheckoutKata.csproj", "{DC7AD16B-B918-4B11-B06B-8EF14CB71A00}"
EndProject
Project("{FAE04EC0-301F-11D3-BF4B-00C04F79EFBC}") = "CheckoutKata.Tests", "CheckoutKata.Tests\CheckoutKata.Tests.csproj", "{C33B0BA1-4C35-4755-AFE2-85B43DF7B789}"
EndProject
Global
	GlobalSection(SolutionConfigurationPlatforms) = preSolution
		Debug|Any CPU = Debug|Any CPU
		Release|Any CPU = Release|Any CPU
	EndGlobalSection
	GlobalSection(ProjectConfigurationPlatforms) = postSolution
		{DC7AD16B-B918-4B11-B06B-8EF14CB71A00}.Debug|Any CPU.ActiveCfg = Debug|Any CPU
		{DC7AD16B-B918-4B11-B06B-8EF14CB71A00}.Debug|Any CPU.Build.0 = Debug|Any CPU
		{DC7AD16B-B918-4B11-B06B-8EF14CB71A00}.Release|Any CPU.ActiveCfg = Release|Any CPU
		{DC7AD16B-B918-4B11-B06B-8EF14CB71A00}.Release|Any CPU.Build.0 = Release|Any CPU
		{C33B0BA1-4C35-4755-AFE2-85B43DF7B789}.Debug|Any CPU.ActiveCfg = Debug|Any CPU
		{C33B0BA1-4C35-4755-AFE2-85B43DF7B789}.Debug|Any CPU.Build.0 = Debug|Any CPU
		{C33B0BA1-4C35-4755-AFE2-85B43DF7B789}.Release|Any CPU.ActiveCfg = Release|Any CPU
		{C33B0BA1-4C35-4755-AFE2-85B43DF7B789}.Release|Any CPU.Build.0 = Release|Any CPU
	EndGlobalSection
	GlobalSection(SolutionProperties) = preSolution
		HideSolutionNode = FALSE
	EndGlobalSection
	GlobalSection(ExtensibilityGlobals) = postSolution
		SolutionGuid = {68441992-D65A-4156-87E7-9E178D51A22A}
	EndGlobalSection
EndGlobal
